{
    "_meta": {
        "hash": {
            "sha256": "6232e62a35026fe2e7063c9b5e6dd1b7821301671603d58c5bf376a5b3c0dbad"
        },
        "host-environment-markers": {
            "implementation_name": "cpython",
            "implementation_version": "0",
            "os_name": "posix",
            "platform_machine": "x86_64",
            "platform_python_implementation": "CPython",
            "platform_release": "4.4.0-96-generic",
            "platform_system": "Linux",
            "platform_version": "#119-Ubuntu SMP Tue Sep 12 14:59:54 UTC 2017",
            "python_full_version": "2.7.12",
            "python_version": "2.7",
            "sys_platform": "linux2"
        },
        "pipfile-spec": 6,
        "requires": {},
        "sources": [
            {
                "name": "pypi",
                "url": "https://pypi.python.org/simple",
                "verify_ssl": true
            }
        ]
    },
    "default": {
        "requests": {
            "hashes": [
                "sha256:89f1b1f25dcd7b68f514e8d341a5b2eb466f960ae756822eaab480a3c1a81c28",
                "sha256:84fe8d5bf4dcdcc49002446c47a146d17ac10facf00d9086659064ac43b6c25b"
            ],
            "version": "==2.8.1"
        }
    },
    "develop": {}
}
